// !$*UTF8*$!
{
	archiveVersion = 1;
	classes = {
	};
	objectVersion = 56;
	objects = {

/* Begin PBXBuildFile section */
		C27291C028D05A1C00FD6EA3 /* AppDelegate.swift in Sources */ = {isa = PBXBuildFile; fileRef = C27291BF28D05A1C00FD6EA3 /* AppDelegate.swift */; };
		C27291C228D05A1C00FD6EA3 /* SceneDelegate.swift in Sources */ = {isa = PBXBuildFile; fileRef = C27291C128D05A1C00FD6EA3 /* SceneDelegate.swift */; };
		C27291C928D05A1D00FD6EA3 /* Assets.xcassets in Resources */ = {isa = PBXBuildFile; fileRef = C27291C828D05A1D00FD6EA3 /* Assets.xcassets */; };
		C27291CC28D05A1D00FD6EA3 /* LaunchScreen.storyboard in Resources */ = {isa = PBXBuildFile; fileRef = C27291CA28D05A1D00FD6EA3 /* LaunchScreen.storyboard */; };
		C27291DA28D064E600FD6EA3 /* ContentView.swift in Sources */ = {isa = PBXBuildFile; fileRef = C27291D928D064E600FD6EA3 /* ContentView.swift */; };
		C27291DE28D0650800FD6EA3 /* BaseView.swift in Sources */ = {isa = PBXBuildFile; fileRef = C27291DD28D0650800FD6EA3 /* BaseView.swift */; };
		EC844C6728D0BD7D008105A1 /* Home.swift in Sources */ = {isa = PBXBuildFile; fileRef = EC844C6628D0BD7D008105A1 /* Home.swift */; };
		EC844C6D28D0C97F008105A1 /* Download.swift in Sources */ = {isa = PBXBuildFile; fileRef = EC844C6C28D0C97F008105A1 /* Download.swift */; };
		EC844C7028D0C9D1008105A1 /* BarGraph.swift in Sources */ = {isa = PBXBuildFile; fileRef = EC844C6F28D0C9D1008105A1 /* BarGraph.swift */; };
/* End PBXBuildFile section */

/* Begin PBXFileReference section */
		C27291BC28D05A1C00FD6EA3 /* Analytics-Page-UI.app */ = {isa = PBXFileReference; explicitFileType = wrapper.application; includeInIndex = 0; path = "Analytics-Page-UI.app"; sourceTree = BUILT_PRODUCTS_DIR; };
		C27291BF28D05A1C00FD6EA3 /* AppDelegate.swift */ = {isa = PBXFileReference; lastKnownFileType = sourcecode.swift; path = AppDelegate.swift; sourceTree = "<group>"; };
		C27291C128D05A1C00FD6EA3 /* SceneDelegate.swift */ = {isa = PBXFileReference; lastKnownFileType = sourcecode.swift; path = SceneDelegate.swift; sourceTree = "<group>"; };
		C27291C828D05A1D00FD6EA3 /* Assets.xcassets */ = {isa = PBXFileReference; lastKnownFileType = folder.assetcatalog; path = Assets.xcassets; sourceTree = "<group>"; };
		C27291CB28D05A1D00FD6EA3 /* Base */ = {isa = PBXFileReference; lastKnownFileType = file.storyboard; name = Base; path = Base.lproj/LaunchScreen.storyboard; sourceTree = "<group>"; };
		C27291CD28D05A1D00FD6EA3 /* Info.plist */ = {isa = PBXFileReference; lastKnownFileType = text.plist.xml; path = Info.plist; sourceTree = "<group>"; };
		C27291D928D064E600FD6EA3 /* ContentView.swift */ = {isa = PBXFileReference; lastKnownFileType = sourcecode.swift; path = ContentView.swift; sourceTree = "<group>"; };
		C27291DD28D0650800FD6EA3 /* BaseView.swift */ = {isa = PBXFileReference; lastKnownFileType = sourcecode.swift; path = BaseView.swift; sourceTree = "<group>"; };
		EC844C6628D0BD7D008105A1 /* Home.swift */ = {isa = PBXFileReference; lastKnownFileType = sourcecode.swift; path = Home.swift; sourceTree = "<group>"; };
		EC844C6C28D0C97F008105A1 /* Download.swift */ = {isa = PBXFileReference; lastKnownFileType = sourcecode.swift; path = Download.swift; sourceTree = "<group>"; };
		EC844C6F28D0C9D1008105A1 /* BarGraph.swift */ = {isa = PBXFileReference; lastKnownFileType = sourcecode.swift; path = BarGraph.swift; sourceTree = "<group>"; };
/* End PBXFileReference section */

/* Begin PBXFrameworksBuildPhase section */
		C27291B928D05A1C00FD6EA3 /* Frameworks */ = {
			isa = PBXFrameworksBuildPhase;
			buildActionMask = 2147483647;
			files = (
			);
			runOnlyForDeploymentPostprocessing = 0;
		};
/* End PBXFrameworksBuildPhase section */

/* Begin PBXGroup section */
		C27291B328D05A1C00FD6EA3 = {
			isa = PBXGroup;
			children = (
				C27291BE28D05A1C00FD6EA3 /* Analytics-Page-UI */,
				C27291BD28D05A1C00FD6EA3 /* Products */,
			);
			sourceTree = "<group>";
		};
		C27291BD28D05A1C00FD6EA3 /* Products */ = {
			isa = PBXGroup;
			children = (
				C27291BC28D05A1C00FD6EA3 /* Analytics-Page-UI.app */,
			);
			name = Products;
			sourceTree = "<group>";
		};
		C27291BE28D05A1C00FD6EA3 /* Analytics-Page-UI */ = {
			isa = PBXGroup;
			children = (
				EC844C6B28D0C975008105A1 /* Model */,
				C27291DB28D064F400FD6EA3 /* View */,
				C27291BF28D05A1C00FD6EA3 /* AppDelegate.swift */,
				C27291C128D05A1C00FD6EA3 /* SceneDelegate.swift */,
				C27291D928D064E600FD6EA3 /* ContentView.swift */,
				C27291C828D05A1D00FD6EA3 /* Assets.xcassets */,
				C27291CA28D05A1D00FD6EA3 /* LaunchScreen.storyboard */,
				C27291CD28D05A1D00FD6EA3 /* Info.plist */,
			);
			path = "Analytics-Page-UI";
			sourceTree = "<group>";
		};
		C27291DB28D064F400FD6EA3 /* View */ = {
			isa = PBXGroup;
			children = (
				C27291DD28D0650800FD6EA3 /* BaseView.swift */,
				EC844C6828D0C7A5008105A1 /* Home */,
			);
			path = View;
			sourceTree = "<group>";
		};
		EC844C6828D0C7A5008105A1 /* Home */ = {
			isa = PBXGroup;
			children = (
				EC844C6628D0BD7D008105A1 /* Home.swift */,
				EC844C6F28D0C9D1008105A1 /* BarGraph.swift */,
			);
			path = Home;
			sourceTree = "<group>";
		};
		EC844C6B28D0C975008105A1 /* Model */ = {
			isa = PBXGroup;
			children = (
				EC844C6C28D0C97F008105A1 /* Download.swift */,
			);
			path = Model;
			sourceTree = "<group>";
		};
/* End PBXGroup section */

/* Begin PBXNativeTarget section */
		C27291BB28D05A1C00FD6EA3 /* Analytics-Page-UI */ = {
			isa = PBXNativeTarget;
			buildConfigurationList = C27291D028D05A1D00FD6EA3 /* Build configuration list for PBXNativeTarget "Analytics-Page-UI" */;
			buildPhases = (
				C27291B828D05A1C00FD6EA3 /* Sources */,
				C27291B928D05A1C00FD6EA3 /* Frameworks */,
				C27291BA28D05A1C00FD6EA3 /* Resources */,
			);
			buildRules = (
			);
			dependencies = (
			);
			name = "Analytics-Page-UI";
			productName = "Analytics-Page-UI";
			productReference = C27291BC28D05A1C00FD6EA3 /* Analytics-Page-UI.app */;
			productType = "com.apple.product-type.application";
		};
/* End PBXNativeTarget section */

/* Begin PBXProject section */
		C27291B428D05A1C00FD6EA3 /* Project object */ = {
			isa = PBXProject;
			attributes = {
				BuildIndependentTargetsInParallel = 1;
				LastSwiftUpdateCheck = 1400;
				LastUpgradeCheck = 1400;
				TargetAttributes = {
					C27291BB28D05A1C00FD6EA3 = {
						CreatedOnToolsVersion = 14.0;
					};
				};
			};
			buildConfigurationList = C27291B728D05A1C00FD6EA3 /* Build configuration list for PBXProject "Analytics-Page-UI" */;
			compatibilityVersion = "Xcode 14.0";
			developmentRegion = en;
			hasScannedForEncodings = 0;
			knownRegions = (
				en,
				Base,
			);
			mainGroup = C27291B328D05A1C00FD6EA3;
			productRefGroup = C27291BD28D05A1C00FD6EA3 /* Products */;
			projectDirPath = "";
			projectRoot = "";
			targets = (
				C27291BB28D05A1C00FD6EA3 /* Analytics-Page-UI */,
			);
		};
/* End PBXProject section */

/* Begin PBXResourcesBuildPhase section */
		C27291BA28D05A1C00FD6EA3 /* Resources */ = {
			isa = PBXResourcesBuildPhase;
			buildActionMask = 2147483647;
			files = (
				C27291CC28D05A1D00FD6EA3 /* LaunchScreen.storyboard in Resources */,
				C27291C928D05A1D00FD6EA3 /* Assets.xcassets in Resources */,
			);
			runOnlyForDeploymentPostprocessing = 0;
		};
/* End PBXResourcesBuildPhase section */

/* Begin PBXSourcesBuildPhase section */
		C27291B828D05A1C00FD6EA3 /* Sources */ = {
			isa = PBXSourcesBuildPhase;
			buildActionMask = 2147483647;
			files = (
				C27291C028D05A1C00FD6EA3 /* AppDelegate.swift in Sources */,
				C27291C228D05A1C00FD6EA3 /* SceneDelegate.swift in Sources */,
				EC844C6728D0BD7D008105A1 /* Home.swift in Sources */,
				EC844C6D28D0C97F008105A1 /* Download.swift in Sources */,
				C27291DA28D064E600FD6EA3 /* ContentView.swift in Sources */,
				C27291DE28D0650800FD6EA3 /* BaseView.swift in Sources */,
				EC844C7028D0C9D1008105A1 /* BarGraph.swift in Sources */,
			);
			runOnlyForDeploymentPostprocessing = 0;
		};
/* End PBXSourcesBuildPhase section */

/* Begin PBXVariantGroup section */
		C27291CA28D05A1D00FD6EA3 /* LaunchScreen.storyboard */ = {
			isa = PBXVariantGroup;
			children = (
				C27291CB28D05A1D00FD6EA3 /* Base */,
			);
			name = LaunchScreen.storyboard;
			sourceTree = "<group>";
		};
/* End PBXVariantGroup section */

/* Begin XCBuildConfiguration section */
		C27291CE28D05A1D00FD6EA3 /* Debug */ = {
			isa = XCBuildConfiguration;
			buildSettings = {
				ALWAYS_SEARCH_USER_PATHS = NO;
				CLANG_ANALYZER_NONNULL = YES;
				CLANG_ANALYZER_NUMBER_OBJECT_CONVERSION = YES_AGGRESSIVE;
				CLANG_CXX_LANGUAGE_STANDARD = "gnu++20";
				CLANG_ENABLE_MODULES = YES;
				CLANG_ENABLE_OBJC_ARC = YES;
				CLANG_ENABLE_OBJC_WEAK = YES;
				CLANG_WARN_BLOCK_CAPTURE_AUTORELEASING = YES;
				CLANG_WARN_BOOL_CONVERSION = YES;
				CLANG_WARN_COMMA = YES;
				CLANG_WARN_CONSTANT_CONVERSION = YES;
				CLANG_WARN_DEPRECATED_OBJC_IMPLEMENTATIONS = YES;
				CLANG_WARN_DIRECT_OBJC_ISA_USAGE = YES_ERROR;
				CLANG_WARN_DOCUMENTATION_COMMENTS = YES;
				CLANG_WARN_EMPTY_BODY = YES;
				CLANG_WARN_ENUM_CONVERSION = YES;
				CLANG_WARN_INFINITE_RECURSION = YES;
				CLANG_WARN_INT_CONVERSION = YES;
				CLANG_WARN_NON_LITERAL_NULL_CONVERSION = YES;
				CLANG_WARN_OBJC_IMPLICIT_RETAIN_SELF = YES;
				CLANG_WARN_OBJC_LITERAL_CONVERSION = YES;
				CLANG_WARN_OBJC_ROOT_CLASS = YES_ERROR;
				CLANG_WARN_QUOTED_INCLUDE_IN_FRAMEWORK_HEADER = YES;
				CLANG_WARN_RANGE_LOOP_ANALYSIS = YES;
				CLANG_WARN_STRICT_PROTOTYPES = YES;
				CLANG_WARN_SUSPICIOUS_MOVE = YES;
				CLANG_WARN_UNGUARDED_AVAILABILITY = YES_AGGRESSIVE;
				CLANG_WARN_UNREACHABLE_CODE = YES;
				CLANG_WARN__DUPLICATE_METHOD_MATCH = YES;
				COPY_PHASE_STRIP = NO;
				DEBUG_INFORMATION_FORMAT = dwarf;
				ENABLE_STRICT_OBJC_MSGSEND = YES;
				ENABLE_TESTABILITY = YES;
				GCC_C_LANGUAGE_STANDARD = gnu11;
				GCC_DYNAMIC_NO_PIC = NO;
				GCC_NO_COMMON_BLOCKS = YES;
				GCC_OPTIMIZATION_LEVEL = 0;
				GCC_PREPROCESSOR_DEFINITIONS = (
					"DEBUG=1",
					"$(inherited)",
				);
				GCC_WARN_64_TO_32_BIT_CONVERSION = YES;
				GCC_WARN_ABOUT_RETURN_TYPE = YES_ERROR;
				GCC_WARN_UNDECLARED_SELECTOR = YES;
				GCC_WARN_UNINITIALIZED_AUTOS = YES_AGGRESSIVE;
				GCC_WARN_UNUSED_FUNCTION = YES;
				GCC_WARN_UNUSED_VARIABLE = YES;
				IPHONEOS_DEPLOYMENT_TARGET = 16.0;
				MTL_ENABLE_DEBUG_INFO = INCLUDE_SOURCE;
				MTL_FAST_MATH = YES;
				ONLY_ACTIVE_ARCH = YES;
				SDKROOT = iphoneos;
				SWIFT_ACTIVE_COMPILATION_CONDITIONS = DEBUG;
				SWIFT_OPTIMIZATION_LEVEL = "-Onone";
			};
			name = Debug;
		};
		C27291CF28D05A1D00FD6EA3 /* Release */ = {
			isa = XCBuildConfiguration;
			buildSettings = {
				ALWAYS_SEARCH_USER_PATHS = NO;
				CLANG_ANALYZER_NONNULL = YES;
				CLANG_ANALYZER_NUMBER_OBJECT_CONVERSION = YES_AGGRESSIVE;
				CLANG_CXX_LANGUAGE_STANDARD = "gnu++20";
				CLANG_ENABLE_MODULES = YES;
				CLANG_ENABLE_OBJC_ARC = YES;
				CLANG_ENABLE_OBJC_WEAK = YES;
				CLANG_WARN_BLOCK_CAPTURE_AUTORELEASING = YES;
				CLANG_WARN_BOOL_CONVERSION = YES;
				CLANG_WARN_COMMA = YES;
				CLANG_WARN_CONSTANT_CONVERSION = YES;
				CLANG_WARN_DEPRECATED_OBJC_IMPLEMENTATIONS = YES;
				CLANG_WARN_DIRECT_OBJC_ISA_USAGE = YES_ERROR;
				CLANG_WARN_DOCUMENTATION_COMMENTS = YES;
				CLANG_WARN_EMPTY_BODY = YES;
				CLANG_WARN_ENUM_CONVERSION = YES;
				CLANG_WARN_INFINITE_RECURSION = YES;
				CLANG_WARN_INT_CONVERSION = YES;
				CLANG_WARN_NON_LITERAL_NULL_CONVERSION = YES;
				CLANG_WARN_OBJC_IMPLICIT_RETAIN_SELF = YES;
				CLANG_WARN_OBJC_LITERAL_CONVERSION = YES;
				CLANG_WARN_OBJC_ROOT_CLASS = YES_ERROR;
				CLANG_WARN_QUOTED_INCLUDE_IN_FRAMEWORK_HEADER = YES;
				CLANG_WARN_RANGE_LOOP_ANALYSIS = YES;
				CLANG_WARN_STRICT_PROTOTYPES = YES;
				CLANG_WARN_SUSPICIOUS_MOVE = YES;
				CLANG_WARN_UNGUARDED_AVAILABILITY = YES_AGGRESSIVE;
				CLANG_WARN_UNREACHABLE_CODE = YES;
				CLANG_WARN__DUPLICATE_METHOD_MATCH = YES;
				COPY_PHASE_STRIP = NO;
				DEBUG_INFORMATION_FORMAT = "dwarf-with-dsym";
				ENABLE_NS_ASSERTIONS = NO;
				ENABLE_STRICT_OBJC_MSGSEND = YES;
				GCC_C_LANGUAGE_STANDARD = gnu11;
				GCC_NO_COMMON_BLOCKS = YES;
				GCC_WARN_64_TO_32_BIT_CONVERSION = YES;
				GCC_WARN_ABOUT_RETURN_TYPE = YES_ERROR;
				GCC_WARN_UNDECLARED_SELECTOR = YES;
				GCC_WARN_UNINITIALIZED_AUTOS = YES_AGGRESSIVE;
				GCC_WARN_UNUSED_FUNCTION = YES;
				GCC_WARN_UNUSED_VARIABLE = YES;
				IPHONEOS_DEPLOYMENT_TARGET = 16.0;
				MTL_ENABLE_DEBUG_INFO = NO;
				MTL_FAST_MATH = YES;
				SDKROOT = iphoneos;
				SWIFT_COMPILATION_MODE = wholemodule;
				SWIFT_OPTIMIZATION_LEVEL = "-O";
				VALIDATE_PRODUCT = YES;
			};
			name = Release;
		};
		C27291D128D05A1D00FD6EA3 /* Debug */ = {
			isa = XCBuildConfiguration;
			buildSettings = {
				ASSETCATALOG_COMPILER_APPICON_NAME = AppIcon;
				ASSETCATALOG_COMPILER_GLOBAL_ACCENT_COLOR_NAME = AccentColor;
				CODE_SIGN_STYLE = Automatic;
				CURRENT_PROJECT_VERSION = 1;
				DEVELOPMENT_TEAM = 7X6CSKVAS2;
				GENERATE_INFOPLIST_FILE = YES;
				INFOPLIST_FILE = "Analytics-Page-UI/Info.plist";
				INFOPLIST_KEY_UIApplicationSupportsIndirectInputEvents = YES;
				INFOPLIST_KEY_UILaunchStoryboardName = LaunchScreen;
				INFOPLIST_KEY_UISupportedInterfaceOrientations_iPad = "UIInterfaceOrientationPortrait UIInterfaceOrientationPortraitUpsideDown UIInterfaceOrientationLandscapeLeft UIInterfaceOrientationLandscapeRight";
				INFOPLIST_KEY_UISupportedInterfaceOrientations_iPhone = "UIInterfaceOrientationPortrait UIInterfaceOrientationLandscapeLeft UIInterfaceOrientationLandscapeRight";
				LD_RUNPATH_SEARCH_PATHS = (
					"$(inherited)",
					"@executable_path/Frameworks",
				);
				MARKETING_VERSION = 0.1.0;
				PRODUCT_BUNDLE_IDENTIFIER = "com.tk1.Analytics-Page-UI";
				PRODUCT_NAME = "$(TARGET_NAME)";
				SWIFT_EMIT_LOC_STRINGS = YES;
				SWIFT_VERSION = 5.0;
				TARGETED_DEVICE_FAMILY = "1,2";
			};
			name = Debug;
		};
		C27291D228D05A1D00FD6EA3 /* Release */ = {
			isa = XCBuildConfiguration;
			buildSettings = {
				ASSETCATALOG_COMPILER_APPICON_NAME = AppIcon;
				ASSETCATALOG_COMPILER_GLOBAL_ACCENT_COLOR_NAME = AccentColor;
				CODE_SIGN_STYLE = Automatic;
				CURRENT_PROJECT_VERSION = 1;
				DEVELOPMENT_TEAM = 7X6CSKVAS2;
				GENERATE_INFOPLIST_FILE = YES;
				INFOPLIST_FILE = "Analytics-Page-UI/Info.plist";
				INFOPLIST_KEY_UIApplicationSupportsIndirectInputEvents = YES;
				INFOPLIST_KEY_UILaunchStoryboardName = LaunchScreen;
				INFOPLIST_KEY_UISupportedInterfaceOrientations_iPad = "UIInterfaceOrientationPortrait UIInterfaceOrientationPortraitUpsideDown UIInterfaceOrientationLandscapeLeft UIInterfaceOrientationLandscapeRight";
				INFOPLIST_KEY_UISupportedInterfaceOrientations_iPhone = "UIInterfaceOrientationPortrait UIInterfaceOrientationLandscapeLeft UIInterfaceOrientationLandscapeRight";
				LD_RUNPATH_SEARCH_PATHS = (
					"$(inherited)",
					"@executable_path/Frameworks",
				);
				MARKETING_VERSION = 0.1.0;
				PRODUCT_BUNDLE_IDENTIFIER = "com.tk1.Analytics-Page-UI";
				PRODUCT_NAME = "$(TARGET_NAME)";
				SWIFT_EMIT_LOC_STRINGS = YES;
				SWIFT_VERSION = 5.0;
				TARGETED_DEVICE_FAMILY = "1,2";
			};
			name = Release;
		};
/* End XCBuildConfiguration section */

/* Begin XCConfigurationList section */
		C27291B728D05A1C00FD6EA3 /* Build configuration list for PBXProject "Analytics-Page-UI" */ = {
			isa = XCConfigurationList;
			buildConfigurations = (
				C27291CE28D05A1D00FD6EA3 /* Debug */,
				C27291CF28D05A1D00FD6EA3 /* Release */,
			);
			defaultConfigurationIsVisible = 0;
			defaultConfigurationName = Release;
		};
		C27291D028D05A1D00FD6EA3 /* Build configuration list for PBXNativeTarget "Analytics-Page-UI" */ = {
			isa = XCConfigurationList;
			buildConfigurations = (
				C27291D128D05A1D00FD6EA3 /* Debug */,
				C27291D228D05A1D00FD6EA3 /* Release */,
			);
			defaultConfigurationIsVisible = 0;
			defaultConfigurationName = Release;
		};
/* End XCConfigurationList section */
	};
	rootObject = C27291B428D05A1C00FD6EA3 /* Project object */;
}
